
Microsoft Visual Studio Solution File, Format Version 12.00
# Visual Studio Version 17
VisualStudioVersion = 17.10.35122.118
MinimumVisualStudioVersion = 10.0.40219.1
Project("{FAE04EC0-301F-11D3-BF4B-00C04F79EFBC}") = "FakeKeygen", "FakeKeygen\FakeKeygen.csproj", "{268C4C28-8FE5-4114-8D3B-B125F9ECD9A8}"
EndProject
Global
	GlobalSection(SolutionConfigurationPlatforms) = preSolution
		Debug|Any CPU = Debug|Any CPU
		Release|Any CPU = Release|Any CPU
	EndGlobalSection
	GlobalSection(ProjectConfigurationPlatforms) = postSolution
		{268C4C28-8FE5-4114-8D3B-B125F9ECD9A8}.Debug|Any CPU.ActiveCfg = Debug|Any CPU
		{268C4C28-8FE5-4114-8D3B-B125F9ECD9A8}.Debug|Any CPU.Build.0 = Debug|Any CPU
		{268C4C28-8FE5-4114-8D3B-B125F9ECD9A8}.Release|Any CPU.ActiveCfg = Release|Any CPU
		{268C4C28-8FE5-4114-8D3B-B125F9ECD9A8}.Release|Any CPU.Build.0 = Release|Any CPU
	EndGlobalSection
	GlobalSection(SolutionProperties) = preSolution
		HideSolutionNode = FALSE
	EndGlobalSection
	GlobalSection(ExtensibilityGlobals) = postSolution
		SolutionGuid = {6183BECF-8F14-4646-9D8F-0F9881D035AC}
	EndGlobalSection
EndGlobal
